
Microsoft Visual Studio Solution File, Format Version 12.00
# Visual Studio Version 17
VisualStudioVersion = 17.6.33815.320
MinimumVisualStudioVersion = 10.0.40219.1
Project("{FAE04EC0-301F-11D3-BF4B-00C04F79EFBC}") = "Prakt10", "Prakt10\Prakt10.csproj", "{CF76B55C-09FD-4524-9936-267FF90AE4DB}"
EndProject
Global
	GlobalSection(SolutionConfigurationPlatforms) = preSolution
		Debug|Any CPU = Debug|Any CPU
		Release|Any CPU = Release|Any CPU
	EndGlobalSection
	GlobalSection(ProjectConfigurationPlatforms) = postSolution
		{CF76B55C-09FD-4524-9936-267FF90AE4DB}.Debug|Any CPU.ActiveCfg = Debug|Any CPU
		{CF76B55C-09FD-4524-9936-267FF90AE4DB}.Debug|Any CPU.Build.0 = Debug|Any CPU
		{CF76B55C-09FD-4524-9936-267FF90AE4DB}.Release|Any CPU.ActiveCfg = Release|Any CPU
		{CF76B55C-09FD-4524-9936-267FF90AE4DB}.Release|Any CPU.Build.0 = Release|Any CPU
	EndGlobalSection
	GlobalSection(SolutionProperties) = preSolution
		HideSolutionNode = FALSE
	EndGlobalSection
	GlobalSection(ExtensibilityGlobals) = postSolution
		SolutionGuid = {7E3A0659-0EF8-4493-BFF8-A7DBD0E97CC8}
	EndGlobalSection
EndGlobal
